
Microsoft Visual Studio Solution File, Format Version 12.00
# Visual Studio Version 17
VisualStudioVersion = 17.0.32112.339
MinimumVisualStudioVersion = 10.0.40219.1
Project("{FAE04EC0-301F-11D3-BF4B-00C04F79EFBC}") = "Company.Department.Api", "Company.Department.Api\Company.Department.Api.csproj", "{B2512ED9-5684-4443-B507-C8A35CDCEF74}"
EndProject
Project("{FAE04EC0-301F-11D3-BF4B-00C04F79EFBC}") = "Company.Department.Models", "Company.Department.Models\Company.Department.Models.csproj", "{443AED31-1329-47CE-B0FE-D17B4F000251}"
EndProject
Project("{FAE04EC0-301F-11D3-BF4B-00C04F79EFBC}") = "Company.Department.Services", "Company.Department.Services\Company.Department.Services.csproj", "{DB61D855-A1F0-4899-B421-8E1257B1CDA6}"
EndProject
Global
	GlobalSection(SolutionConfigurationPlatforms) = preSolution
		Debug|Any CPU = Debug|Any CPU
		Release|Any CPU = Release|Any CPU
	EndGlobalSection
	GlobalSection(ProjectConfigurationPlatforms) = postSolution
		{B2512ED9-5684-4443-B507-C8A35CDCEF74}.Debug|Any CPU.ActiveCfg = Debug|Any CPU
		{B2512ED9-5684-4443-B507-C8A35CDCEF74}.Debug|Any CPU.Build.0 = Debug|Any CPU
		{B2512ED9-5684-4443-B507-C8A35CDCEF74}.Release|Any CPU.ActiveCfg = Release|Any CPU
		{B2512ED9-5684-4443-B507-C8A35CDCEF74}.Release|Any CPU.Build.0 = Release|Any CPU
		{443AED31-1329-47CE-B0FE-D17B4F000251}.Debug|Any CPU.ActiveCfg = Debug|Any CPU
		{443AED31-1329-47CE-B0FE-D17B4F000251}.Debug|Any CPU.Build.0 = Debug|Any CPU
		{443AED31-1329-47CE-B0FE-D17B4F000251}.Release|Any CPU.ActiveCfg = Release|Any CPU
		{443AED31-1329-47CE-B0FE-D17B4F000251}.Release|Any CPU.Build.0 = Release|Any CPU
		{DB61D855-A1F0-4899-B421-8E1257B1CDA6}.Debug|Any CPU.ActiveCfg = Debug|Any CPU
		{DB61D855-A1F0-4899-B421-8E1257B1CDA6}.Debug|Any CPU.Build.0 = Debug|Any CPU
		{DB61D855-A1F0-4899-B421-8E1257B1CDA6}.Release|Any CPU.ActiveCfg = Release|Any CPU
		{DB61D855-A1F0-4899-B421-8E1257B1CDA6}.Release|Any CPU.Build.0 = Release|Any CPU
	EndGlobalSection
	GlobalSection(SolutionProperties) = preSolution
		HideSolutionNode = FALSE
	EndGlobalSection
	GlobalSection(ExtensibilityGlobals) = postSolution
		SolutionGuid = {D9179CA6-77D5-49E1-93C7-85C53D297CE9}
	EndGlobalSection
EndGlobal
