
Microsoft Visual Studio Solution File, Format Version 12.00
# Visual Studio Version 17
VisualStudioVersion = 17.0.32112.339
MinimumVisualStudioVersion = 10.0.40219.1
Project("{9A19103F-16F7-4668-BE54-9A1E7A4F7556}") = "Company.Employee.Api", "Company.Employee.Api\Company.Employee.Api.csproj", "{BC2A1B67-6F12-49D0-8354-2E26C63B801C}"
EndProject
Project("{9A19103F-16F7-4668-BE54-9A1E7A4F7556}") = "Company.Employee.Models", "Company.Employee.Models\Company.Employee.Models.csproj", "{DA48CB71-4CD7-415A-8EDB-05A6E3C85CA0}"
EndProject
Project("{9A19103F-16F7-4668-BE54-9A1E7A4F7556}") = "Company.Employee.Services", "Company.Employee.Services\Company.Employee.Services.csproj", "{2A5865D4-75C9-487D-8E18-E187A9AAFFEE}"
EndProject
Project("{9A19103F-16F7-4668-BE54-9A1E7A4F7556}") = "Microservices.EventBus.Constants", "..\Microservices.EventBus\Microservices.EventBus.Constants\Microservices.EventBus.Constants.csproj", "{6BE0FF0B-CA78-4F3F-A384-FD63331FCC2A}"
EndProject
Global
	GlobalSection(SolutionConfigurationPlatforms) = preSolution
		Debug|Any CPU = Debug|Any CPU
		Release|Any CPU = Release|Any CPU
	EndGlobalSection
	GlobalSection(ProjectConfigurationPlatforms) = postSolution
		{BC2A1B67-6F12-49D0-8354-2E26C63B801C}.Debug|Any CPU.ActiveCfg = Debug|Any CPU
		{BC2A1B67-6F12-49D0-8354-2E26C63B801C}.Debug|Any CPU.Build.0 = Debug|Any CPU
		{BC2A1B67-6F12-49D0-8354-2E26C63B801C}.Release|Any CPU.ActiveCfg = Release|Any CPU
		{BC2A1B67-6F12-49D0-8354-2E26C63B801C}.Release|Any CPU.Build.0 = Release|Any CPU
		{DA48CB71-4CD7-415A-8EDB-05A6E3C85CA0}.Debug|Any CPU.ActiveCfg = Debug|Any CPU
		{DA48CB71-4CD7-415A-8EDB-05A6E3C85CA0}.Debug|Any CPU.Build.0 = Debug|Any CPU
		{DA48CB71-4CD7-415A-8EDB-05A6E3C85CA0}.Release|Any CPU.ActiveCfg = Release|Any CPU
		{DA48CB71-4CD7-415A-8EDB-05A6E3C85CA0}.Release|Any CPU.Build.0 = Release|Any CPU
		{2A5865D4-75C9-487D-8E18-E187A9AAFFEE}.Debug|Any CPU.ActiveCfg = Debug|Any CPU
		{2A5865D4-75C9-487D-8E18-E187A9AAFFEE}.Debug|Any CPU.Build.0 = Debug|Any CPU
		{2A5865D4-75C9-487D-8E18-E187A9AAFFEE}.Release|Any CPU.ActiveCfg = Release|Any CPU
		{2A5865D4-75C9-487D-8E18-E187A9AAFFEE}.Release|Any CPU.Build.0 = Release|Any CPU
		{6BE0FF0B-CA78-4F3F-A384-FD63331FCC2A}.Debug|Any CPU.ActiveCfg = Debug|Any CPU
		{6BE0FF0B-CA78-4F3F-A384-FD63331FCC2A}.Debug|Any CPU.Build.0 = Debug|Any CPU
		{6BE0FF0B-CA78-4F3F-A384-FD63331FCC2A}.Release|Any CPU.ActiveCfg = Release|Any CPU
		{6BE0FF0B-CA78-4F3F-A384-FD63331FCC2A}.Release|Any CPU.Build.0 = Release|Any CPU
	EndGlobalSection
	GlobalSection(SolutionProperties) = preSolution
		HideSolutionNode = FALSE
	EndGlobalSection
	GlobalSection(ExtensibilityGlobals) = postSolution
		SolutionGuid = {59166C16-28DF-40DA-83D1-8F2DF5778B9F}
	EndGlobalSection
EndGlobal
